github.com/gohugoio/gohugoioTheme v0.0.0-20210301124928-2c15837dfec3/go.mod h1:kpw3SS48xZvLQGEXKu8u5XHgXkPvL8DX3oGa07+z8Bs=
github.com/gohugoio/hugo-mod-jslibs-dist/alpinejs/v3 v3.500.100 h1:yIymGxglvwr9Guhk7cr9VoMQ3IgLLJ0E4PKcKCg+kJY=
github.com/gohugoio/hugo-mod-jslibs-dist/alpinejs/v3 v3.500.100/go.mod h1:WWQxcmPs5Xy3xDgi29ipkmZT6NKVb3bsqyCDTY3eYYY=
github.com/gohugoio/hugo-mod-jslibs/instantpage v0.5.1 h1:Aig+0MOPXiuQNZpnxOMS4uwUsnyq41JnQzGW4Gk3o7Y=
github.com/gohugoio/hugo-mod-jslibs/instantpage v0.5.1/go.mod h1:N4EUbbL7Cw4Yq+GHeK3MUSiOJQbzfuUFRyvBKvnVBR8=
github.com/gohugoio/hugo-mod-jslibs/spruce v0.1.0/go.mod h1:t7yzCU3sAQmp1CvaHvt7yjXQRFJGEXArhlS0b2WwTTU=
github.com/gohugoio/hugo-mod-jslibs/turbo/v7 v7.0.0-20220127163053-14169e3a1dd0 h1:LZtJpLdrobw8A+Si1vF16Vfig9cY7+4MdbtKyXfiY4Y=
github.com/gohugoio/hugo-mod-jslibs/turbo/v7 v7.0.0-20220127163053-14169e3a1dd0/go.mod h1:7YpZ5H9gE7M/Br+1g052hfMl6jZs1x+yU0hdJfSiB14=
github.com/gohugoio/hugo-mod-jslibs/turbolinks v0.6.0/go.mod h1:0COpoSU/YogktyDLZn4aoXioJPq+f4jvdenIZj5ozMQ=
github.com/gohugoio/hugoDocs v0.81.1-0.20220302165412-259c65c8d5b8 h1:9WgKP9Fm63UFliMVhV2o4P2qZgiyGl0EUZZ838vltZY=
github.com/gohugoio/hugoDocs v0.81.1-0.20220302165412-259c65c8d5b8/go.mod h1:Mdx6XSpQEzpLP6vp0eDE0vcwvQF7wSVVDLMy4OH1VFQ=
github.com/hotwired/turbo v7.0.1+incompatible/go.mod h1:6XcpYEC+j8xb7URpSYwhlq4iq98M5F5T/jaLWNHVbZs=
github.com/instantpage/instant.page v5.1.0+incompatible/go.mod h1:GXVDktwI+K4T9o5mcK2NYDqPFxAUrB9U9goR9oG1SaI=
github.com/ryangjchandler/spruce v2.6.4+incompatible/go.mod h1:pERscuhekU9NhSgrY8l7/0nLN1rBGBVnpvkMrVwGAZU=
github.com/turbolinks/turbolinks-source-gem v5.2.0+incompatible/go.mod h1:Cl0Br9tUXkQvxumVNGTvyaa7dqpFC2kPMrsS0Ttc94U=
